[[dependencies]]
name = "forge-std"
version = "1.9.6"
url = "https://soldeer-revisions.s3.amazonaws.com/forge-std/1_9_6_01-02-2025_20:49:10_forge-std-1.9.zip"
checksum = "55f341818321b3f925161a72fd0dcd62e4a0a4b66785a7a932bf2bfaf96fb9d1"
integrity = "e9ecdc364d152157431e5df5aa041ffddbe9bb1c1ad81634b1e72df9e23814e8"

[[dependencies]]
name = "solady"
version = "0.1.9"
url = "https://soldeer-revisions.s3.amazonaws.com/solady/0_1_9_23-02-2025_07:45:28_solady.zip"
checksum = "eda8d3eed0885de16cdf7417331f3d068a59dcfcb906fb3968c7573d8678ecbf"
integrity = "81c05ee6baebab7a4669777771c9f6d7d7441fc0a9383ab7a2edc3f45229d8da"
